
Microsoft Visual Studio Solution File, Format Version 12.00
# Visual Studio Version 16
VisualStudioVersion = 16.0.808.10
MinimumVisualStudioVersion = 10.0.40219.1
Project("{FAE04EC0-301F-11D3-BF4B-00C04F79EFBC}") = "LatihanOverloadingMethod", "LatihanOverloadingMethod\LatihanOverloadingMethod.csproj", "{F382951B-9AEE-417B-8C2A-BA36425AAF0D}"
EndProject
Global
	GlobalSection(SolutionConfigurationPlatforms) = preSolution
		Debug|anycpu = Debug|anycpu
		Release|anycpu = Release|anycpu
	EndGlobalSection
	GlobalSection(ProjectConfigurationPlatforms) = postSolution
		{F382951B-9AEE-417B-8C2A-BA36425AAF0D}.Debug|anycpu.ActiveCfg = Debug|anycpu
		{F382951B-9AEE-417B-8C2A-BA36425AAF0D}.Debug|anycpu.Build.0 = Debug|anycpu
		{F382951B-9AEE-417B-8C2A-BA36425AAF0D}.Release|anycpu.ActiveCfg = Release|anycpu
		{F382951B-9AEE-417B-8C2A-BA36425AAF0D}.Release|anycpu.Build.0 = Release|anycpu
	EndGlobalSection
	GlobalSection(SolutionProperties) = preSolution
		HideSolutionNode = FALSE
	EndGlobalSection
	GlobalSection(ExtensibilityGlobals) = postSolution
		SolutionGuid = {7C90DA68-18A9-434C-87CF-0B951BB772DB}
	EndGlobalSection
EndGlobal
